
Microsoft Visual Studio Solution File, Format Version 12.00
# Visual Studio Version 17
VisualStudioVersion = 17.7.34024.191
MinimumVisualStudioVersion = 10.0.40219.1
Project("{9A19103F-16F7-4668-BE54-9A1E7A4F7556}") = "Alchemist", "Alchemist\Alchemist.csproj", "{06738D34-7415-4913-B766-1E6E9421E325}"
EndProject
Project("{9A19103F-16F7-4668-BE54-9A1E7A4F7556}") = "RedFox.Graphics3D", "..\..\RedFox\src\cs\RedFox.Graphics3D\RedFox.Graphics3D.csproj", "{C30CD88D-C47F-41E4-8787-171E2BC39EB8}"
EndProject
Project("{9A19103F-16F7-4668-BE54-9A1E7A4F7556}") = "RedFox.Graphics3D.Translation", "..\..\RedFox\src\cs\RedFox.Graphics3D.Translation\RedFox.Graphics3D.Translation.csproj", "{3FFBCA5B-4A14-4B19-A144-36B8CE23DE8D}"
EndProject
Project("{9A19103F-16F7-4668-BE54-9A1E7A4F7556}") = "Alchemist.UI", "Alchemist.UI\Alchemist.UI.csproj", "{639CFF69-4823-4487-B18B-71C1ED157449}"
EndProject
Project("{9A19103F-16F7-4668-BE54-9A1E7A4F7556}") = "RedFox.UI", "..\..\RedFox\src\cs\RedFox.UI\RedFox.UI.csproj", "{F00947FD-8B22-4856-B594-5AA2209833BD}"
EndProject
Project("{9A19103F-16F7-4668-BE54-9A1E7A4F7556}") = "RedFox.Zenith", "..\..\RedFox\src\cs\RedFox.Zenith\RedFox.Zenith.csproj", "{FC2EF51B-C2F6-4728-80BF-4B188680E511}"
EndProject
Project("{9A19103F-16F7-4668-BE54-9A1E7A4F7556}") = "RedFox.Graphics3D.AnimationPlayback", "..\..\RedFox\src\cs\RedFox.Graphics3D.AnimationPlayback\RedFox.Graphics3D.AnimationPlayback.csproj", "{9590DC45-CD27-4956-9FCA-9F8E9BA0436A}"
EndProject
Project("{9A19103F-16F7-4668-BE54-9A1E7A4F7556}") = "Alchemist.Scripting", "Alchemist.Scripting\Alchemist.Scripting.csproj", "{700AC685-2628-4254-A90C-BBBD0F8E705E}"
EndProject
Project("{9A19103F-16F7-4668-BE54-9A1E7A4F7556}") = "RedFox.Graphics3D.SEModel", "..\..\RedFox\src\cs\RedFox.Graphics3D.SEModel\RedFox.Graphics3D.SEModel.csproj", "{1EB0BB0C-865E-4757-BE40-E31E0A423DFC}"
EndProject
Project("{9A19103F-16F7-4668-BE54-9A1E7A4F7556}") = "RedFox.Graphics3D.SEAnim", "..\..\RedFox\src\cs\RedFox.Graphics3D.SEAnim\RedFox.Graphics3D.SEAnim.csproj", "{4F929521-6F18-4492-BC96-6F6B7C6C74EC}"
EndProject
Project("{FAE04EC0-301F-11D3-BF4B-00C04F79EFBC}") = "RedFox.Graphics3D.Cast", "..\..\RedFox\src\cs\RedFox.Graphics3D.Cast\RedFox.Graphics3D.Cast.csproj", "{524F4133-57E3-E080-7702-D02146C08546}"
EndProject
Project("{FAE04EC0-301F-11D3-BF4B-00C04F79EFBC}") = "Cast.NET", "..\..\RedFox\ext\Cast.NET\src\Cast.NET\Cast.NET.csproj", "{DE067B29-FF91-1C64-64C6-19E61EB1D07F}"
EndProject
Global
	GlobalSection(SolutionConfigurationPlatforms) = preSolution
		Debug|Any CPU = Debug|Any CPU
		Debug|ARM64 = Debug|ARM64
		Debug|x64 = Debug|x64
		Debug|x86 = Debug|x86
		Release|Any CPU = Release|Any CPU
		Release|ARM64 = Release|ARM64
		Release|x64 = Release|x64
		Release|x86 = Release|x86
	EndGlobalSection
	GlobalSection(ProjectConfigurationPlatforms) = postSolution
		{06738D34-7415-4913-B766-1E6E9421E325}.Debug|Any CPU.ActiveCfg = Debug|Any CPU
		{06738D34-7415-4913-B766-1E6E9421E325}.Debug|Any CPU.Build.0 = Debug|Any CPU
		{06738D34-7415-4913-B766-1E6E9421E325}.Debug|ARM64.ActiveCfg = Debug|Any CPU
		{06738D34-7415-4913-B766-1E6E9421E325}.Debug|ARM64.Build.0 = Debug|Any CPU
		{06738D34-7415-4913-B766-1E6E9421E325}.Debug|x64.ActiveCfg = Debug|Any CPU
		{06738D34-7415-4913-B766-1E6E9421E325}.Debug|x64.Build.0 = Debug|Any CPU
		{06738D34-7415-4913-B766-1E6E9421E325}.Debug|x86.ActiveCfg = Debug|Any CPU
		{06738D34-7415-4913-B766-1E6E9421E325}.Debug|x86.Build.0 = Debug|Any CPU
		{06738D34-7415-4913-B766-1E6E9421E325}.Release|Any CPU.ActiveCfg = Release|Any CPU
		{06738D34-7415-4913-B766-1E6E9421E325}.Release|Any CPU.Build.0 = Release|Any CPU
		{06738D34-7415-4913-B766-1E6E9421E325}.Release|ARM64.ActiveCfg = Release|Any CPU
		{06738D34-7415-4913-B766-1E6E9421E325}.Release|ARM64.Build.0 = Release|Any CPU
		{06738D34-7415-4913-B766-1E6E9421E325}.Release|x64.ActiveCfg = Release|Any CPU
		{06738D34-7415-4913-B766-1E6E9421E325}.Release|x64.Build.0 = Release|Any CPU
		{06738D34-7415-4913-B766-1E6E9421E325}.Release|x86.ActiveCfg = Release|Any CPU
		{06738D34-7415-4913-B766-1E6E9421E325}.Release|x86.Build.0 = Release|Any CPU
		{C30CD88D-C47F-41E4-8787-171E2BC39EB8}.Debug|Any CPU.ActiveCfg = Debug|Any CPU
		{C30CD88D-C47F-41E4-8787-171E2BC39EB8}.Debug|Any CPU.Build.0 = Debug|Any CPU
		{C30CD88D-C47F-41E4-8787-171E2BC39EB8}.Debug|ARM64.ActiveCfg = Debug|Any CPU
		{C30CD88D-C47F-41E4-8787-171E2BC39EB8}.Debug|ARM64.Build.0 = Debug|Any CPU
		{C30CD88D-C47F-41E4-8787-171E2BC39EB8}.Debug|x64.ActiveCfg = Debug|Any CPU
		{C30CD88D-C47F-41E4-8787-171E2BC39EB8}.Debug|x64.Build.0 = Debug|Any CPU
		{C30CD88D-C47F-41E4-8787-171E2BC39EB8}.Debug|x86.ActiveCfg = Debug|Any CPU
		{C30CD88D-C47F-41E4-8787-171E2BC39EB8}.Debug|x86.Build.0 = Debug|Any CPU
		{C30CD88D-C47F-41E4-8787-171E2BC39EB8}.Release|Any CPU.ActiveCfg = Release|Any CPU
		{C30CD88D-C47F-41E4-8787-171E2BC39EB8}.Release|Any CPU.Build.0 = Release|Any CPU
		{C30CD88D-C47F-41E4-8787-171E2BC39EB8}.Release|ARM64.ActiveCfg = Release|Any CPU
		{C30CD88D-C47F-41E4-8787-171E2BC39EB8}.Release|ARM64.Build.0 = Release|Any CPU
		{C30CD88D-C47F-41E4-8787-171E2BC39EB8}.Release|x64.ActiveCfg = Release|Any CPU
		{C30CD88D-C47F-41E4-8787-171E2BC39EB8}.Release|x64.Build.0 = Release|Any CPU
		{C30CD88D-C47F-41E4-8787-171E2BC39EB8}.Release|x86.ActiveCfg = Release|Any CPU
		{C30CD88D-C47F-41E4-8787-171E2BC39EB8}.Release|x86.Build.0 = Release|Any CPU
		{3FFBCA5B-4A14-4B19-A144-36B8CE23DE8D}.Debug|Any CPU.ActiveCfg = Debug|Any CPU
		{3FFBCA5B-4A14-4B19-A144-36B8CE23DE8D}.Debug|Any CPU.Build.0 = Debug|Any CPU
		{3FFBCA5B-4A14-4B19-A144-36B8CE23DE8D}.Debug|ARM64.ActiveCfg = Debug|Any CPU
		{3FFBCA5B-4A14-4B19-A144-36B8CE23DE8D}.Debug|ARM64.Build.0 = Debug|Any CPU
		{3FFBCA5B-4A14-4B19-A144-36B8CE23DE8D}.Debug|x64.ActiveCfg = Debug|Any CPU
		{3FFBCA5B-4A14-4B19-A144-36B8CE23DE8D}.Debug|x64.Build.0 = Debug|Any CPU
		{3FFBCA5B-4A14-4B19-A144-36B8CE23DE8D}.Debug|x86.ActiveCfg = Debug|Any CPU
		{3FFBCA5B-4A14-4B19-A144-36B8CE23DE8D}.Debug|x86.Build.0 = Debug|Any CPU
		{3FFBCA5B-4A14-4B19-A144-36B8CE23DE8D}.Release|Any CPU.ActiveCfg = Release|Any CPU
		{3FFBCA5B-4A14-4B19-A144-36B8CE23DE8D}.Release|Any CPU.Build.0 = Release|Any CPU
		{3FFBCA5B-4A14-4B19-A144-36B8CE23DE8D}.Release|ARM64.ActiveCfg = Release|Any CPU
		{3FFBCA5B-4A14-4B19-A144-36B8CE23DE8D}.Release|ARM64.Build.0 = Release|Any CPU
		{3FFBCA5B-4A14-4B19-A144-36B8CE23DE8D}.Release|x64.ActiveCfg = Release|Any CPU
		{3FFBCA5B-4A14-4B19-A144-36B8CE23DE8D}.Release|x64.Build.0 = Release|Any CPU
		{3FFBCA5B-4A14-4B19-A144-36B8CE23DE8D}.Release|x86.ActiveCfg = Release|Any CPU
		{3FFBCA5B-4A14-4B19-A144-36B8CE23DE8D}.Release|x86.Build.0 = Release|Any CPU
		{639CFF69-4823-4487-B18B-71C1ED157449}.Debug|Any CPU.ActiveCfg = Debug|Any CPU
		{639CFF69-4823-4487-B18B-71C1ED157449}.Debug|Any CPU.Build.0 = Debug|Any CPU
		{639CFF69-4823-4487-B18B-71C1ED157449}.Debug|ARM64.ActiveCfg = Debug|Any CPU
		{639CFF69-4823-4487-B18B-71C1ED157449}.Debug|ARM64.Build.0 = Debug|Any CPU
		{639CFF69-4823-4487-B18B-71C1ED157449}.Debug|x64.ActiveCfg = Debug|Any CPU
		{639CFF69-4823-4487-B18B-71C1ED157449}.Debug|x64.Build.0 = Debug|Any CPU
		{639CFF69-4823-4487-B18B-71C1ED157449}.Debug|x86.ActiveCfg = Debug|Any CPU
		{639CFF69-4823-4487-B18B-71C1ED157449}.Debug|x86.Build.0 = Debug|Any CPU
		{639CFF69-4823-4487-B18B-71C1ED157449}.Release|Any CPU.ActiveCfg = Release|Any CPU
		{639CFF69-4823-4487-B18B-71C1ED157449}.Release|Any CPU.Build.0 = Release|Any CPU
		{639CFF69-4823-4487-B18B-71C1ED157449}.Release|ARM64.ActiveCfg = Release|Any CPU
		{639CFF69-4823-4487-B18B-71C1ED157449}.Release|ARM64.Build.0 = Release|Any CPU
		{639CFF69-4823-4487-B18B-71C1ED157449}.Release|x64.ActiveCfg = Release|Any CPU
		{639CFF69-4823-4487-B18B-71C1ED157449}.Release|x64.Build.0 = Release|Any CPU
		{639CFF69-4823-4487-B18B-71C1ED157449}.Release|x86.ActiveCfg = Release|Any CPU
		{639CFF69-4823-4487-B18B-71C1ED157449}.Release|x86.Build.0 = Release|Any CPU
		{F00947FD-8B22-4856-B594-5AA2209833BD}.Debug|Any CPU.ActiveCfg = Debug|Any CPU
		{F00947FD-8B22-4856-B594-5AA2209833BD}.Debug|Any CPU.Build.0 = Debug|Any CPU
		{F00947FD-8B22-4856-B594-5AA2209833BD}.Debug|ARM64.ActiveCfg = Debug|Any CPU
		{F00947FD-8B22-4856-B594-5AA2209833BD}.Debug|ARM64.Build.0 = Debug|Any CPU
		{F00947FD-8B22-4856-B594-5AA2209833BD}.Debug|x64.ActiveCfg = Debug|Any CPU
		{F00947FD-8B22-4856-B594-5AA2209833BD}.Debug|x64.Build.0 = Debug|Any CPU
		{F00947FD-8B22-4856-B594-5AA2209833BD}.Debug|x86.ActiveCfg = Debug|Any CPU
		{F00947FD-8B22-4856-B594-5AA2209833BD}.Debug|x86.Build.0 = Debug|Any CPU
		{F00947FD-8B22-4856-B594-5AA2209833BD}.Release|Any CPU.ActiveCfg = Release|Any CPU
		{F00947FD-8B22-4856-B594-5AA2209833BD}.Release|Any CPU.Build.0 = Release|Any CPU
		{F00947FD-8B22-4856-B594-5AA2209833BD}.Release|ARM64.ActiveCfg = Release|Any CPU
		{F00947FD-8B22-4856-B594-5AA2209833BD}.Release|ARM64.Build.0 = Release|Any CPU
		{F00947FD-8B22-4856-B594-5AA2209833BD}.Release|x64.ActiveCfg = Release|Any CPU
		{F00947FD-8B22-4856-B594-5AA2209833BD}.Release|x64.Build.0 = Release|Any CPU
		{F00947FD-8B22-4856-B594-5AA2209833BD}.Release|x86.ActiveCfg = Release|Any CPU
		{F00947FD-8B22-4856-B594-5AA2209833BD}.Release|x86.Build.0 = Release|Any CPU
		{FC2EF51B-C2F6-4728-80BF-4B188680E511}.Debug|Any CPU.ActiveCfg = Debug|Any CPU
		{FC2EF51B-C2F6-4728-80BF-4B188680E511}.Debug|Any CPU.Build.0 = Debug|Any CPU
		{FC2EF51B-C2F6-4728-80BF-4B188680E511}.Debug|ARM64.ActiveCfg = Debug|Any CPU
		{FC2EF51B-C2F6-4728-80BF-4B188680E511}.Debug|ARM64.Build.0 = Debug|Any CPU
		{FC2EF51B-C2F6-4728-80BF-4B188680E511}.Debug|x64.ActiveCfg = Debug|Any CPU
		{FC2EF51B-C2F6-4728-80BF-4B188680E511}.Debug|x64.Build.0 = Debug|Any CPU
		{FC2EF51B-C2F6-4728-80BF-4B188680E511}.Debug|x86.ActiveCfg = Debug|Any CPU
		{FC2EF51B-C2F6-4728-80BF-4B188680E511}.Debug|x86.Build.0 = Debug|Any CPU
		{FC2EF51B-C2F6-4728-80BF-4B188680E511}.Release|Any CPU.ActiveCfg = Release|Any CPU
		{FC2EF51B-C2F6-4728-80BF-4B188680E511}.Release|Any CPU.Build.0 = Release|Any CPU
		{FC2EF51B-C2F6-4728-80BF-4B188680E511}.Release|ARM64.ActiveCfg = Release|Any CPU
		{FC2EF51B-C2F6-4728-80BF-4B188680E511}.Release|ARM64.Build.0 = Release|Any CPU
		{FC2EF51B-C2F6-4728-80BF-4B188680E511}.Release|x64.ActiveCfg = Release|Any CPU
		{FC2EF51B-C2F6-4728-80BF-4B188680E511}.Release|x64.Build.0 = Release|Any CPU
		{FC2EF51B-C2F6-4728-80BF-4B188680E511}.Release|x86.ActiveCfg = Release|Any CPU
		{FC2EF51B-C2F6-4728-80BF-4B188680E511}.Release|x86.Build.0 = Release|Any CPU
		{9590DC45-CD27-4956-9FCA-9F8E9BA0436A}.Debug|Any CPU.ActiveCfg = Debug|Any CPU
		{9590DC45-CD27-4956-9FCA-9F8E9BA0436A}.Debug|Any CPU.Build.0 = Debug|Any CPU
		{9590DC45-CD27-4956-9FCA-9F8E9BA0436A}.Debug|ARM64.ActiveCfg = Debug|Any CPU
		{9590DC45-CD27-4956-9FCA-9F8E9BA0436A}.Debug|ARM64.Build.0 = Debug|Any CPU
		{9590DC45-CD27-4956-9FCA-9F8E9BA0436A}.Debug|x64.ActiveCfg = Debug|Any CPU
		{9590DC45-CD27-4956-9FCA-9F8E9BA0436A}.Debug|x64.Build.0 = Debug|Any CPU
		{9590DC45-CD27-4956-9FCA-9F8E9BA0436A}.Debug|x86.ActiveCfg = Debug|Any CPU
		{9590DC45-CD27-4956-9FCA-9F8E9BA0436A}.Debug|x86.Build.0 = Debug|Any CPU
		{9590DC45-CD27-4956-9FCA-9F8E9BA0436A}.Release|Any CPU.ActiveCfg = Release|Any CPU
		{9590DC45-CD27-4956-9FCA-9F8E9BA0436A}.Release|Any CPU.Build.0 = Release|Any CPU
		{9590DC45-CD27-4956-9FCA-9F8E9BA0436A}.Release|ARM64.ActiveCfg = Release|Any CPU
		{9590DC45-CD27-4956-9FCA-9F8E9BA0436A}.Release|ARM64.Build.0 = Release|Any CPU
		{9590DC45-CD27-4956-9FCA-9F8E9BA0436A}.Release|x64.ActiveCfg = Release|Any CPU
		{9590DC45-CD27-4956-9FCA-9F8E9BA0436A}.Release|x64.Build.0 = Release|Any CPU
		{9590DC45-CD27-4956-9FCA-9F8E9BA0436A}.Release|x86.ActiveCfg = Release|Any CPU
		{9590DC45-CD27-4956-9FCA-9F8E9BA0436A}.Release|x86.Build.0 = Release|Any CPU
		{700AC685-2628-4254-A90C-BBBD0F8E705E}.Debug|Any CPU.ActiveCfg = Debug|Any CPU
		{700AC685-2628-4254-A90C-BBBD0F8E705E}.Debug|Any CPU.Build.0 = Debug|Any CPU
		{700AC685-2628-4254-A90C-BBBD0F8E705E}.Debug|ARM64.ActiveCfg = Debug|Any CPU
		{700AC685-2628-4254-A90C-BBBD0F8E705E}.Debug|ARM64.Build.0 = Debug|Any CPU
		{700AC685-2628-4254-A90C-BBBD0F8E705E}.Debug|x64.ActiveCfg = Debug|Any CPU
		{700AC685-2628-4254-A90C-BBBD0F8E705E}.Debug|x64.Build.0 = Debug|Any CPU
		{700AC685-2628-4254-A90C-BBBD0F8E705E}.Debug|x86.ActiveCfg = Debug|Any CPU
		{700AC685-2628-4254-A90C-BBBD0F8E705E}.Debug|x86.Build.0 = Debug|Any CPU
		{700AC685-2628-4254-A90C-BBBD0F8E705E}.Release|Any CPU.ActiveCfg = Release|Any CPU
		{700AC685-2628-4254-A90C-BBBD0F8E705E}.Release|Any CPU.Build.0 = Release|Any CPU
		{700AC685-2628-4254-A90C-BBBD0F8E705E}.Release|ARM64.ActiveCfg = Release|Any CPU
		{700AC685-2628-4254-A90C-BBBD0F8E705E}.Release|ARM64.Build.0 = Release|Any CPU
		{700AC685-2628-4254-A90C-BBBD0F8E705E}.Release|x64.ActiveCfg = Release|Any CPU
		{700AC685-2628-4254-A90C-BBBD0F8E705E}.Release|x64.Build.0 = Release|Any CPU
		{700AC685-2628-4254-A90C-BBBD0F8E705E}.Release|x86.ActiveCfg = Release|Any CPU
		{700AC685-2628-4254-A90C-BBBD0F8E705E}.Release|x86.Build.0 = Release|Any CPU
		{1EB0BB0C-865E-4757-BE40-E31E0A423DFC}.Debug|Any CPU.ActiveCfg = Debug|Any CPU
		{1EB0BB0C-865E-4757-BE40-E31E0A423DFC}.Debug|Any CPU.Build.0 = Debug|Any CPU
		{1EB0BB0C-865E-4757-BE40-E31E0A423DFC}.Debug|ARM64.ActiveCfg = Debug|Any CPU
		{1EB0BB0C-865E-4757-BE40-E31E0A423DFC}.Debug|ARM64.Build.0 = Debug|Any CPU
		{1EB0BB0C-865E-4757-BE40-E31E0A423DFC}.Debug|x64.ActiveCfg = Debug|Any CPU
		{1EB0BB0C-865E-4757-BE40-E31E0A423DFC}.Debug|x64.Build.0 = Debug|Any CPU
		{1EB0BB0C-865E-4757-BE40-E31E0A423DFC}.Debug|x86.ActiveCfg = Debug|Any CPU
		{1EB0BB0C-865E-4757-BE40-E31E0A423DFC}.Debug|x86.Build.0 = Debug|Any CPU
		{1EB0BB0C-865E-4757-BE40-E31E0A423DFC}.Release|Any CPU.ActiveCfg = Release|Any CPU
		{1EB0BB0C-865E-4757-BE40-E31E0A423DFC}.Release|Any CPU.Build.0 = Release|Any CPU
		{1EB0BB0C-865E-4757-BE40-E31E0A423DFC}.Release|ARM64.ActiveCfg = Release|Any CPU
		{1EB0BB0C-865E-4757-BE40-E31E0A423DFC}.Release|ARM64.Build.0 = Release|Any CPU
		{1EB0BB0C-865E-4757-BE40-E31E0A423DFC}.Release|x64.ActiveCfg = Release|Any CPU
		{1EB0BB0C-865E-4757-BE40-E31E0A423DFC}.Release|x64.Build.0 = Release|Any CPU
		{1EB0BB0C-865E-4757-BE40-E31E0A423DFC}.Release|x86.ActiveCfg = Release|Any CPU
		{1EB0BB0C-865E-4757-BE40-E31E0A423DFC}.Release|x86.Build.0 = Release|Any CPU
		{4F929521-6F18-4492-BC96-6F6B7C6C74EC}.Debug|Any CPU.ActiveCfg = Debug|Any CPU
		{4F929521-6F18-4492-BC96-6F6B7C6C74EC}.Debug|Any CPU.Build.0 = Debug|Any CPU
		{4F929521-6F18-4492-BC96-6F6B7C6C74EC}.Debug|ARM64.ActiveCfg = Debug|Any CPU
		{4F929521-6F18-4492-BC96-6F6B7C6C74EC}.Debug|ARM64.Build.0 = Debug|Any CPU
		{4F929521-6F18-4492-BC96-6F6B7C6C74EC}.Debug|x64.ActiveCfg = Debug|Any CPU
		{4F929521-6F18-4492-BC96-6F6B7C6C74EC}.Debug|x64.Build.0 = Debug|Any CPU
		{4F929521-6F18-4492-BC96-6F6B7C6C74EC}.Debug|x86.ActiveCfg = Debug|Any CPU
		{4F929521-6F18-4492-BC96-6F6B7C6C74EC}.Debug|x86.Build.0 = Debug|Any CPU
		{4F929521-6F18-4492-BC96-6F6B7C6C74EC}.Release|Any CPU.ActiveCfg = Release|Any CPU
		{4F929521-6F18-4492-BC96-6F6B7C6C74EC}.Release|Any CPU.Build.0 = Release|Any CPU
		{4F929521-6F18-4492-BC96-6F6B7C6C74EC}.Release|ARM64.ActiveCfg = Release|Any CPU
		{4F929521-6F18-4492-BC96-6F6B7C6C74EC}.Release|ARM64.Build.0 = Release|Any CPU
		{4F929521-6F18-4492-BC96-6F6B7C6C74EC}.Release|x64.ActiveCfg = Release|Any CPU
		{4F929521-6F18-4492-BC96-6F6B7C6C74EC}.Release|x64.Build.0 = Release|Any CPU
		{4F929521-6F18-4492-BC96-6F6B7C6C74EC}.Release|x86.ActiveCfg = Release|Any CPU
		{4F929521-6F18-4492-BC96-6F6B7C6C74EC}.Release|x86.Build.0 = Release|Any CPU
		{524F4133-57E3-E080-7702-D02146C08546}.Debug|Any CPU.ActiveCfg = Debug|Any CPU
		{524F4133-57E3-E080-7702-D02146C08546}.Debug|Any CPU.Build.0 = Debug|Any CPU
		{524F4133-57E3-E080-7702-D02146C08546}.Debug|ARM64.ActiveCfg = Debug|Any CPU
		{524F4133-57E3-E080-7702-D02146C08546}.Debug|ARM64.Build.0 = Debug|Any CPU
		{524F4133-57E3-E080-7702-D02146C08546}.Debug|x64.ActiveCfg = Debug|Any CPU
		{524F4133-57E3-E080-7702-D02146C08546}.Debug|x64.Build.0 = Debug|Any CPU
		{524F4133-57E3-E080-7702-D02146C08546}.Debug|x86.ActiveCfg = Debug|Any CPU
		{524F4133-57E3-E080-7702-D02146C08546}.Debug|x86.Build.0 = Debug|Any CPU
		{524F4133-57E3-E080-7702-D02146C08546}.Release|Any CPU.ActiveCfg = Release|Any CPU
		{524F4133-57E3-E080-7702-D02146C08546}.Release|Any CPU.Build.0 = Release|Any CPU
		{524F4133-57E3-E080-7702-D02146C08546}.Release|ARM64.ActiveCfg = Release|Any CPU
		{524F4133-57E3-E080-7702-D02146C08546}.Release|ARM64.Build.0 = Release|Any CPU
		{524F4133-57E3-E080-7702-D02146C08546}.Release|x64.ActiveCfg = Release|Any CPU
		{524F4133-57E3-E080-7702-D02146C08546}.Release|x64.Build.0 = Release|Any CPU
		{524F4133-57E3-E080-7702-D02146C08546}.Release|x86.ActiveCfg = Release|Any CPU
		{524F4133-57E3-E080-7702-D02146C08546}.Release|x86.Build.0 = Release|Any CPU
		{DE067B29-FF91-1C64-64C6-19E61EB1D07F}.Debug|Any CPU.ActiveCfg = Debug|Any CPU
		{DE067B29-FF91-1C64-64C6-19E61EB1D07F}.Debug|Any CPU.Build.0 = Debug|Any CPU
		{DE067B29-FF91-1C64-64C6-19E61EB1D07F}.Debug|ARM64.ActiveCfg = Debug|Any CPU
		{DE067B29-FF91-1C64-64C6-19E61EB1D07F}.Debug|ARM64.Build.0 = Debug|Any CPU
		{DE067B29-FF91-1C64-64C6-19E61EB1D07F}.Debug|x64.ActiveCfg = Debug|Any CPU
		{DE067B29-FF91-1C64-64C6-19E61EB1D07F}.Debug|x64.Build.0 = Debug|Any CPU
		{DE067B29-FF91-1C64-64C6-19E61EB1D07F}.Debug|x86.ActiveCfg = Debug|Any CPU
		{DE067B29-FF91-1C64-64C6-19E61EB1D07F}.Debug|x86.Build.0 = Debug|Any CPU
		{DE067B29-FF91-1C64-64C6-19E61EB1D07F}.Release|Any CPU.ActiveCfg = Release|Any CPU
		{DE067B29-FF91-1C64-64C6-19E61EB1D07F}.Release|Any CPU.Build.0 = Release|Any CPU
		{DE067B29-FF91-1C64-64C6-19E61EB1D07F}.Release|ARM64.ActiveCfg = Release|Any CPU
		{DE067B29-FF91-1C64-64C6-19E61EB1D07F}.Release|ARM64.Build.0 = Release|Any CPU
		{DE067B29-FF91-1C64-64C6-19E61EB1D07F}.Release|x64.ActiveCfg = Release|Any CPU
		{DE067B29-FF91-1C64-64C6-19E61EB1D07F}.Release|x64.Build.0 = Release|Any CPU
		{DE067B29-FF91-1C64-64C6-19E61EB1D07F}.Release|x86.ActiveCfg = Release|Any CPU
		{DE067B29-FF91-1C64-64C6-19E61EB1D07F}.Release|x86.Build.0 = Release|Any CPU
	EndGlobalSection
	GlobalSection(SolutionProperties) = preSolution
		HideSolutionNode = FALSE
	EndGlobalSection
	GlobalSection(ExtensibilityGlobals) = postSolution
		SolutionGuid = {DEC1D705-155D-48A9-BC8C-43CC85250891}
	EndGlobalSection
EndGlobal
